{
    "_readme": [
        "This file locks the dependencies of your project to a known state",
        "Read more about it at https://getcomposer.org/doc/01-basic-usage.md#composer-lock-the-lock-file",
        "This file is @generated automatically"
    ],
    "hash": "9e79d51c6b1833602a0a80a0ccbd67c2",
    "content-hash": "fb1e2953134e2b7e6eed5ce8d56146bb",
    "packages": [
        {
            "name": "nicmart/tree",
            "version": "v0.2.7",
            "source": {
                "type": "git",
                "url": "https://github.com/nicmart/Tree.git",
                "reference": "0616b54bb49938e1a816141d7943db48ebf76938"
            },
            "dist": {
                "type": "zip",
                "url": "https://api.github.com/repos/nicmart/Tree/zipball/0616b54bb49938e1a816141d7943db48ebf76938",
                "reference": "0616b54bb49938e1a816141d7943db48ebf76938",
                "shasum": ""
            },
            "require": {
                "php": ">=5.4"
            },
            "type": "library",
            "autoload": {
                "psr-4": {
                    "Tree\\": "src/"
                }
            },
            "notification-url": "https://packagist.org/downloads/",
            "license": [
                "MIT"
            ],
            "authors": [
                {
                    "name": "Nicolò Martini",
                    "email": "nicmartnic@gmail.com"
                }
            ],
            "description": "A basic but flexible php tree data structure and a fluent tree builder implementation.",
            "time": "2015-08-20 20:50:35"
        }
    ],
    "packages-dev": [],
    "aliases": [],
    "minimum-stability": "stable",
    "stability-flags": [],
    "prefer-stable": false,
    "prefer-lowest": false,
    "platform": {
        "php": ">=5.4.0"
    },
    "platform-dev": []
}
